# This file is automatically @generated by Poetry 1.4.0 and should not be changed by hand.

[[package]]
name = "plac"
version = "1.3.5"
description = "The smartest command line arguments parser in the world"
category = "main"
optional = false
python-versions = "*"
files = [
    {file = "plac-1.3.5-py2.py3-none-any.whl", hash = "sha256:a8933d21a40fe2cec177a2f96217425a4e889d275aa3e25ecf9a9640ab16d416"},
    {file = "plac-1.3.5.tar.gz", hash = "sha256:38bdd864d0450fb748193aa817b9c458a8f5319fbf97b2261151cfc0a5812090"},
]

[metadata]
lock-version = "2.0"
python-versions = ">=3.7"
content-hash = "ba89ae5d9dd792c2b0d1dcccddebf0acc6313630362ad48c9fd97e1d3f54e68b"
